{
  "version": 4,
  "terraform_version": "0.12.29",
  "serial": 15,
  "lineage": "09406f2b-1593-fa3a-9a25-1aa97cb535e2",
  "outputs": {
    "project_url": {
      "value": "https://secondstation.herokuapp.com/",
      "type": "string"
    }
  },
  "resources": [
    {
      "mode": "managed",
      "type": "heroku_app",
      "name": "second_station",
      "provider": "provider.heroku.second_station_app",
      "instances": [
        {
          "schema_version": 0,
          "attributes": {
            "acm": true,
            "all_config_vars": {
              "MODE": "server"
            },
            "buildpacks": [
              "heroku/gradle"
            ],
            "config_vars": {
              "MODE": "server"
            },
            "git_url": "https://git.heroku.com/secondstation.git",
            "heroku_hostname": "secondstation.herokuapp.com",
            "id": "secondstation",
            "internal_routing": false,
            "name": "secondstation",
            "organization": [],
            "region": "eu",
            "sensitive_config_vars": {},
            "space": null,
            "stack": "heroku-18",
            "uuid": "7375ca4b-aab2-4b0b-8853-2ab7c00e3c7d",
            "web_url": "https://secondstation.herokuapp.com/"
          },
          "private": "bnVsbA=="
        }
      ]
    },
    {
      "mode": "managed",
      "type": "heroku_build",
      "name": "second_station_build",
      "provider": "provider.heroku",
      "instances": [
        {
          "schema_version": 0,
          "attributes": {
            "app": "secondstation",
            "buildpacks": [
              "https://buildpack-registry.s3.amazonaws.com/buildpacks/heroku/gradle.tgz"
            ],
            "id": "2f565761-e1f9-4399-be96-d91fb67a3812",
            "local_checksum": "",
            "output_stream_url": "https://build-output.heroku.com/streams/73/7375ca4b-aab2-4b0b-8853-2ab7c00e3c7d/logs/2f/2f565761-e1f9-4399-be96-d91fb67a3812.log?X-Amz-Algorithm=AWS4-HMAC-SHA256\u0026X-Amz-Credential=AKIAIQI6BAUWXGR4S77Q%2F20200815%2Fus-east-1%2Fs3%2Faws4_request\u0026X-Amz-Date=20200815T202044Z\u0026X-Amz-Expires=86400\u0026X-Amz-SignedHeaders=host\u0026X-Amz-Signature=54d9d5f7060d12194f2cb4e756eceb3c6878e9490de807ba8c0be046adc28c4c",
            "release_id": "24c9a0cc-fc25-454c-80a8-7c972d81a4dc",
            "slug_id": "4f6aa321-98f0-4d5d-97ea-58851315393d",
            "source": {
              "url": "https://github.com/ortolanph/aleajactarest/archive/v1.tar.gz",
              "version": "v1"
            },
            "stack": "heroku-18",
            "status": "succeeded",
            "user": {
              "email": "paulo.ortolan@gmail.com",
              "id": "a8da447f-60b2-40f4-87c2-8e665bc3401e"
            },
            "uuid": "2f565761-e1f9-4399-be96-d91fb67a3812"
          },
          "private": "bnVsbA==",
          "dependencies": [
            "heroku_app.second_station"
          ]
        }
      ]
    },
    {
      "mode": "managed",
      "type": "heroku_formation",
      "name": "second_station_formation",
      "provider": "provider.heroku",
      "instances": [
        {
          "schema_version": 0,
          "attributes": {
            "app": "secondstation",
            "id": "484348c7-1fb0-4e4d-bd5f-bdfed014d901",
            "quantity": 1,
            "size": "Standard-1X",
            "type": "web"
          },
          "private": "bnVsbA==",
          "dependencies": [
            "heroku_app.second_station",
            "heroku_build.second_station_build"
          ]
        }
      ]
    }
  ]
}
